
Microsoft Visual Studio Solution File, Format Version 12.00
# Visual Studio 2012
Project("{FAE04EC0-301F-11D3-BF4B-00C04F79EFBC}") = "qt_mono-sharp", "qt_mono-sharp\qt_mono-sharp.csproj", "{5891A582-7C06-458C-AA01-9387E3C26A16}"
EndProject
Project("{2857B73E-F847-4B02-9238-064979017E93}") = "qt_mono-sharpglue", "qt_mono-sharpglue\qt_mono-sharpglue.cproj", "{2C5FA56E-9EAA-4E8E-B636-A5FA927972ED}"
EndProject
Project("{FAE04EC0-301F-11D3-BF4B-00C04F79EFBC}") = "example", "example\example.csproj", "{785710F0-F69F-4F8E-BC82-2F506E1B07A2}"
EndProject
Project("{2857B73E-F847-4B02-9238-064979017E93}") = "monostub", "monostub\monostub.cproj", "{5A2CE422-6FD4-40C6-B1EF-6D6BBFCFC924}"
EndProject
Global
	GlobalSection(SolutionConfigurationPlatforms) = preSolution
		Debug|Any CPU = Debug|Any CPU
		Release|Any CPU = Release|Any CPU
		Debug|x86 = Debug|x86
		Debug|x64 = Debug|x64
	EndGlobalSection
	GlobalSection(ProjectConfigurationPlatforms) = postSolution
		{2C5FA56E-9EAA-4E8E-B636-A5FA927972ED}.Debug|Any CPU.ActiveCfg = Debug|Any CPU
		{2C5FA56E-9EAA-4E8E-B636-A5FA927972ED}.Debug|Any CPU.Build.0 = Debug|Any CPU
		{2C5FA56E-9EAA-4E8E-B636-A5FA927972ED}.Debug|x64.ActiveCfg = Debug|x64
		{2C5FA56E-9EAA-4E8E-B636-A5FA927972ED}.Debug|x64.Build.0 = Debug|x64
		{2C5FA56E-9EAA-4E8E-B636-A5FA927972ED}.Debug|x86.ActiveCfg = Debug|x86
		{2C5FA56E-9EAA-4E8E-B636-A5FA927972ED}.Debug|x86.Build.0 = Debug|x86
		{2C5FA56E-9EAA-4E8E-B636-A5FA927972ED}.Release|Any CPU.ActiveCfg = Release|Any CPU
		{2C5FA56E-9EAA-4E8E-B636-A5FA927972ED}.Release|Any CPU.Build.0 = Release|Any CPU
		{5891A582-7C06-458C-AA01-9387E3C26A16}.Debug|Any CPU.ActiveCfg = Debug|Any CPU
		{5891A582-7C06-458C-AA01-9387E3C26A16}.Debug|Any CPU.Build.0 = Debug|Any CPU
		{5891A582-7C06-458C-AA01-9387E3C26A16}.Debug|x64.ActiveCfg = Debug|x64
		{5891A582-7C06-458C-AA01-9387E3C26A16}.Debug|x64.Build.0 = Debug|x64
		{5891A582-7C06-458C-AA01-9387E3C26A16}.Debug|x86.ActiveCfg = Debug|x86
		{5891A582-7C06-458C-AA01-9387E3C26A16}.Debug|x86.Build.0 = Debug|x86
		{5891A582-7C06-458C-AA01-9387E3C26A16}.Release|Any CPU.ActiveCfg = Release|Any CPU
		{5891A582-7C06-458C-AA01-9387E3C26A16}.Release|Any CPU.Build.0 = Release|Any CPU
		{5A2CE422-6FD4-40C6-B1EF-6D6BBFCFC924}.Debug|Any CPU.ActiveCfg = Debug|Any CPU
		{5A2CE422-6FD4-40C6-B1EF-6D6BBFCFC924}.Debug|Any CPU.Build.0 = Debug|Any CPU
		{5A2CE422-6FD4-40C6-B1EF-6D6BBFCFC924}.Debug|x64.ActiveCfg = Debug|x64
		{5A2CE422-6FD4-40C6-B1EF-6D6BBFCFC924}.Debug|x64.Build.0 = Debug|x64
		{5A2CE422-6FD4-40C6-B1EF-6D6BBFCFC924}.Debug|x86.ActiveCfg = Debug|x86
		{5A2CE422-6FD4-40C6-B1EF-6D6BBFCFC924}.Debug|x86.Build.0 = Debug|x86
		{5A2CE422-6FD4-40C6-B1EF-6D6BBFCFC924}.Release|Any CPU.ActiveCfg = Release|Any CPU
		{5A2CE422-6FD4-40C6-B1EF-6D6BBFCFC924}.Release|Any CPU.Build.0 = Release|Any CPU
		{785710F0-F69F-4F8E-BC82-2F506E1B07A2}.Debug|Any CPU.ActiveCfg = Debug|Any CPU
		{785710F0-F69F-4F8E-BC82-2F506E1B07A2}.Debug|Any CPU.Build.0 = Debug|Any CPU
		{785710F0-F69F-4F8E-BC82-2F506E1B07A2}.Debug|x64.ActiveCfg = Debug|x64
		{785710F0-F69F-4F8E-BC82-2F506E1B07A2}.Debug|x64.Build.0 = Debug|x64
		{785710F0-F69F-4F8E-BC82-2F506E1B07A2}.Debug|x86.ActiveCfg = Debug|x86
		{785710F0-F69F-4F8E-BC82-2F506E1B07A2}.Debug|x86.Build.0 = Debug|x86
		{785710F0-F69F-4F8E-BC82-2F506E1B07A2}.Release|Any CPU.ActiveCfg = Release|Any CPU
		{785710F0-F69F-4F8E-BC82-2F506E1B07A2}.Release|Any CPU.Build.0 = Release|Any CPU
	EndGlobalSection
EndGlobal
